PODS:
  - AppAuth (1.4.0):
    - AppAuth/Core (= 1.4.0)
    - AppAuth/ExternalUserAgent (= 1.4.0)
  - AppAuth/Core (1.4.0)
  - AppAuth/ExternalUserAgent (1.4.0)
  - Default (3.0.0)
  - GoogleSignIn (5.0.2):
    - AppAuth (~> 1.2)
    - GTMAppAuth (~> 1.0)
    - GTMSessionFetcher/Core (~> 1.1)
  - GTMAppAuth (1.1.0):
    - AppAuth/Core (~> 1.4)
    - GTMSessionFetcher (~> 1.4)
  - GTMSessionFetcher (1.5.0):
    - GTMSessionFetcher/Full (= 1.5.0)
  - GTMSessionFetcher/Core (1.5.0)
  - GTMSessionFetcher/Full (1.5.0):
    - GTMSessionFetcher/Core (= 1.5.0)
  - R.swift (5.3.1):
    - R.swift.Library (~> 5.3.0)
  - R.swift.Library (5.3.0)
  - SVProgressHUD (2.2.5)
  - SwiftLint (0.42.0)
  - Wormholy (1.6.4)

DEPENDENCIES:
  - Default (~> 3.0)
  - GoogleSignIn
  - R.swift (~> 5)
  - SVProgressHUD
  - SwiftLint
  - Wormholy

SPEC REPOS:
  https://github.com/CocoaPods/Specs.git:
    - AppAuth
    - Default
    - GoogleSignIn
    - GTMAppAuth
    - GTMSessionFetcher
    - R.swift
    - R.swift.Library
    - SVProgressHUD
    - SwiftLint
    - Wormholy

SPEC CHECKSUMS:
  AppAuth: 31bcec809a638d7bd2f86ea8a52bd45f6e81e7c7
  Default: df6f5067d92a350e908125bf269a7317df86b3bb
  GoogleSignIn: 7137d297ddc022a7e0aa4619c86d72c909fa7213
  GTMAppAuth: 197a8dabfea5d665224aa00d17f164fc2248dab9
  GTMSessionFetcher: b3503b20a988c4e20cc189aa798fd18220133f52
  R.swift: 56ec7e3aef34b9eee47a659e42462db2c1cc5ac3
  R.swift.Library: 0fc583cb55a99e28901299cc451614cad1161962
  SVProgressHUD: 1428aafac632c1f86f62aa4243ec12008d7a51d6
  SwiftLint: 4fa9579c63416865179bc416f0a92d55f009600d
  Wormholy: 2e70f64227e010d363f8d33268369f77faf12471

PODFILE CHECKSUM: 9dda16d5e363f9e32568167cb5491162611360a2

COCOAPODS: 1.10.1
