{
  "object": {
    "pins": [
      {
        "package": "Gedatsu",
        "repositoryURL": "https://github.com/bannzai/Gedatsu.git",
        "state": {
          "branch": null,
          "revision": "644f18f82943ed9f6392a5c3ca88a430524a789f",
          "version": "1.2.0"
        }
      },
      {
        "package": "IQKeyboardManagerSwift",
        "repositoryURL": "https://github.com/hackiftekhar/IQKeyboardManager.git",
        "state": {
          "branch": null,
          "revision": "4dc6bc7d1c9747bd0c261c8c055903f9fdef91f7",
          "version": "6.5.6"
        }
      },
      {
        "package": "StyleableUI",
        "repositoryURL": "https://github.com/ddanilyuk/StyleableUI.git",
        "state": {
          "branch": null,
          "revision": "024acc63e717fae720b334a70aa29ccfe7130e83",
          "version": "1.1.0"
        }
      }
    ]
  },
  "version": 1
}
