{
  "object": {
    "pins": [
      {
        "package": "IQKeyboardManagerSwift",
        "repositoryURL": "https://github.com/hackiftekhar/IQKeyboardManager.git",
        "state": {
          "branch": null,
          "revision": "4dc6bc7d1c9747bd0c261c8c055903f9fdef91f7",
          "version": "6.5.6"
        }
      },
      {
        "package": "SDWebImage",
        "repositoryURL": "https://github.com/SDWebImage/SDWebImage.git",
        "state": {
          "branch": null,
          "revision": "4aaca57fb2f6dc5554a2228cf1d94289bd0a6c7d",
          "version": "5.10.3"
        }
      },
      {
        "package": "StyleableUI",
        "repositoryURL": "https://github.com/ddanilyuk/StyleableUI",
        "state": {
          "branch": null,
          "revision": "b6a2b7d3929506bdeffca1c7f641fe6c1420acf4",
          "version": "1.0.1"
        }
      },
      {
        "package": "TableKit",
        "repositoryURL": "https://github.com/maxsokolov/TableKit.git",
        "state": {
          "branch": null,
          "revision": "8bf4840d9d0475a92352f02f368f88b74eced447",
          "version": "2.11.0"
        }
      }
    ]
  },
  "version": 1
}
